
Microsoft Visual Studio Solution File, Format Version 12.00
# Visual Studio Version 16
VisualStudioVersion = 16.0.30621.155
MinimumVisualStudioVersion = 10.0.40219.1
Project("{FAE04EC0-301F-11D3-BF4B-00C04F79EFBC}") = "Compare", "Compare\Compare.csproj", "{B518268C-2D05-48DB-93F8-2B72C19F142D}"
EndProject
Global
	GlobalSection(SolutionConfigurationPlatforms) = preSolution
		Debug|Any CPU = Debug|Any CPU
		Release|Any CPU = Release|Any CPU
	EndGlobalSection
	GlobalSection(ProjectConfigurationPlatforms) = postSolution
		{B518268C-2D05-48DB-93F8-2B72C19F142D}.Debug|Any CPU.ActiveCfg = Debug|Any CPU
		{B518268C-2D05-48DB-93F8-2B72C19F142D}.Debug|Any CPU.Build.0 = Debug|Any CPU
		{B518268C-2D05-48DB-93F8-2B72C19F142D}.Release|Any CPU.ActiveCfg = Release|Any CPU
		{B518268C-2D05-48DB-93F8-2B72C19F142D}.Release|Any CPU.Build.0 = Release|Any CPU
	EndGlobalSection
	GlobalSection(SolutionProperties) = preSolution
		HideSolutionNode = FALSE
	EndGlobalSection
	GlobalSection(ExtensibilityGlobals) = postSolution
		SolutionGuid = {A3E2E969-D843-4ACA-BA96-F2C5E95BE8AB}
	EndGlobalSection
EndGlobal
